
Microsoft Visual Studio Solution File, Format Version 12.00
# Visual Studio Version 17
VisualStudioVersion = 17.6.33815.320
MinimumVisualStudioVersion = 10.0.40219.1
Project("{FAE04EC0-301F-11D3-BF4B-00C04F79EFBC}") = "ASPNETMVCCRUD", "ASPNETMVCCRUD.csproj", "{F9C0EBE7-4826-4715-A72C-56DB80052555}"
EndProject
Global
	GlobalSection(SolutionConfigurationPlatforms) = preSolution
		Debug|Any CPU = Debug|Any CPU
		Release|Any CPU = Release|Any CPU
	EndGlobalSection
	GlobalSection(ProjectConfigurationPlatforms) = postSolution
		{F9C0EBE7-4826-4715-A72C-56DB80052555}.Debug|Any CPU.ActiveCfg = Debug|Any CPU
		{F9C0EBE7-4826-4715-A72C-56DB80052555}.Debug|Any CPU.Build.0 = Debug|Any CPU
		{F9C0EBE7-4826-4715-A72C-56DB80052555}.Release|Any CPU.ActiveCfg = Release|Any CPU
		{F9C0EBE7-4826-4715-A72C-56DB80052555}.Release|Any CPU.Build.0 = Release|Any CPU
	EndGlobalSection
	GlobalSection(SolutionProperties) = preSolution
		HideSolutionNode = FALSE
	EndGlobalSection
	GlobalSection(ExtensibilityGlobals) = postSolution
		SolutionGuid = {3321D54A-9903-4A5B-B253-D1FD792B0741}
	EndGlobalSection
EndGlobal
